
Microsoft Visual Studio Solution File, Format Version 12.00
# Visual Studio 15
Project("{FAE04EC0-301F-11D3-BF4B-00C04F79EFBC}") = "WebViewApp", "WebViewApp\WebViewApp.csproj", "{6A618F18-79E0-40B2-A3EC-B6F5BB966A6D}"
EndProject
Global
	GlobalSection(SolutionConfigurationPlatforms) = preSolution
		Debug|iPhoneSimulator = Debug|iPhoneSimulator
		Release|iPhoneSimulator = Release|iPhoneSimulator
		Debug|iPhone = Debug|iPhone
		Release|iPhone = Release|iPhone
	EndGlobalSection
	GlobalSection(ProjectConfigurationPlatforms) = postSolution
		{6A618F18-79E0-40B2-A3EC-B6F5BB966A6D}.Debug|iPhoneSimulator.ActiveCfg = Debug|iPhoneSimulator
		{6A618F18-79E0-40B2-A3EC-B6F5BB966A6D}.Debug|iPhoneSimulator.Build.0 = Debug|iPhoneSimulator
		{6A618F18-79E0-40B2-A3EC-B6F5BB966A6D}.Release|iPhoneSimulator.ActiveCfg = Release|iPhoneSimulator
		{6A618F18-79E0-40B2-A3EC-B6F5BB966A6D}.Release|iPhoneSimulator.Build.0 = Release|iPhoneSimulator
		{6A618F18-79E0-40B2-A3EC-B6F5BB966A6D}.Debug|iPhone.ActiveCfg = Debug|iPhone
		{6A618F18-79E0-40B2-A3EC-B6F5BB966A6D}.Debug|iPhone.Build.0 = Debug|iPhone
		{6A618F18-79E0-40B2-A3EC-B6F5BB966A6D}.Release|iPhone.ActiveCfg = Release|iPhone
		{6A618F18-79E0-40B2-A3EC-B6F5BB966A6D}.Release|iPhone.Build.0 = Release|iPhone
	EndGlobalSection
EndGlobal
